{
    "_readme": [
        "This file locks the dependencies of your project to a known state",
        "Read more about it at https://getcomposer.org/doc/01-basic-usage.md#composer-lock-the-lock-file",
        "This file is @generated automatically"
    ],
    "hash": "8e24b60e0effe2200223bd4a1941bdc9",
    "packages": [
        {
            "name": "hautelook/phpass",
            "version": "dev-master",
            "source": {
                "type": "git",
                "url": "https://github.com/hautelook/phpass.git",
                "reference": "f0217d804225822f9bdb0d392839029b0fcb0914"
            },
            "dist": {
                "type": "zip",
                "url": "https://api.github.com/repos/hautelook/phpass/zipball/f0217d804225822f9bdb0d392839029b0fcb0914",
                "reference": "f0217d804225822f9bdb0d392839029b0fcb0914",
                "shasum": ""
            },
            "require": {
                "php": ">=5.3.3"
            },
            "type": "library",
            "autoload": {
                "psr-0": {
                    "Hautelook": "src/"
                }
            },
            "notification-url": "https://packagist.org/downloads/",
            "license": [
                "Public Domain"
            ],
            "authors": [
                {
                    "name": "Solar Designer",
                    "email": "solar@openwall.com",
                    "homepage": "http://openwall.com/phpass/"
                }
            ],
            "description": "Portable PHP password hashing framework",
            "homepage": "http://github.com/hautelook/phpass/",
            "keywords": [
                "blowfish",
                "crypt",
                "password",
                "security"
            ],
            "time": "2015-05-12 10:04:16"
        },
        {
            "name": "rain/raintpl",
            "version": "dev-master",
            "source": {
                "type": "git",
                "url": "https://github.com/rainphp/raintpl3.git",
                "reference": "51a242eb959fc28b9d8d3edf8f168a0e9fa0d858"
            },
            "dist": {
                "type": "zip",
                "url": "https://api.github.com/repos/rainphp/raintpl3/zipball/51a242eb959fc28b9d8d3edf8f168a0e9fa0d858",
                "reference": "51a242eb959fc28b9d8d3edf8f168a0e9fa0d858",
                "shasum": ""
            },
            "require": {
                "php": ">=5.3"
            },
            "require-dev": {
                "phpunit/phpunit": "4.4.*"
            },
            "type": "library",
            "autoload": {
                "psr-0": {
                    "Rain": "library/"
                }
            },
            "notification-url": "https://packagist.org/downloads/",
            "license": [
                "MIT"
            ],
            "authors": [
                {
                    "name": "Rain Community"
                },
                {
                    "name": "Federico Ulfo",
                    "email": "rainelemental@gmail.com"
                }
            ],
            "description": "easy and fast template engine",
            "homepage": "http://raintpl.com",
            "time": "2014-12-23 19:29:46"
        }
    ],
    "packages-dev": [],
    "aliases": [],
    "minimum-stability": "dev",
    "stability-flags": {
        "hautelook/phpass": 20
    },
    "prefer-stable": false,
    "prefer-lowest": false,
    "platform": {
        "php": ">=5.3.0"
    },
    "platform-dev": []
}
